bou.ke/monkey v1.0.1 h1:zEMLInw9xvNakzUUPjfS4Ds6jYPqCFx3m7bRmG5NH2U=
bou.ke/monkey v1.0.1/go.mod h1:FgHuK96Rv2Nlf+0u1OOVDpCMdsWyOFmeeketDHE7LIg=
github.com/davecgh/go-spew v1.1.1 h1:vj9j/u1bqnvCEfJOwUhtlOARqs3+rkHYY13jYWTU97c=
github.com/davecgh/go-spew v1.1.1/go.mod h1:J7Y8YcW2NihsgmVo/mv3lAwl/skON4iLHjSsI+c5H38=
github.com/flimzy/diff v0.1.7 h1:DRbd+lN3lY1xVuQrfqvDNsqBwA6RMbClMs6tS5sqWWk=
github.com/flimzy/diff v0.1.7/go.mod h1:lFJtC7SPsK0EroDmGTSrdtWKAxOk3rO+q+e04LL05Hs=
github.com/flimzy/testy v0.1.17 h1:Y+TUugY6s4B/vrOEPo6SUKafc41W5aiX3qUWvhAPMdI=
github.com/flimzy/testy v0.1.17/go.mod h1:3szguN8NXqgq9bt9Gu8TQVj698PJWmyx/VY1frwwKrM=
github.com/go-kivik/kivik v2.0.0-pre2.0.20190831084228-13d283a000ac+incompatible h1:HseycbHtWDHdcDXGI/2ym0m3LI95ms4U2K+7juI9XBs=
github.com/go-kivik/kivik v2.0.0-pre2.0.20190831084228-13d283a000ac+incompatible/go.mod h1:nIuJ8z4ikBrVUSk3Ua8NoDqYKULPNjuddjqRvlSUyyQ=
github.com/go-kivik/kiviktest v2.0.0-pre4+incompatible h1:hgvlXb/zCdt3FOMdSZnHGJMvdZLcSeyZX0huBr+4VDM=
github.com/go-kivik/kiviktest v2.0.0-pre4+incompatible/go.mod h1:JdhVyzixoYhoIDUt6hRf1yAfYyaDa5/u9SDOindDkfQ=
github.com/gopherjs/gopherjs v0.0.0-20190430165422-3e4dfb77656c h1:7lF+Vz0LqiRidnzC1Oq86fpX1q/iEv2KJdrCtttYjT4=
github.com/gopherjs/gopherjs v0.0.0-20190430165422-3e4dfb77656c/go.mod h1:wJfORRmW1u3UXTncJ5qlYoELFm8eSnnEO6hX4iZ3EWY=
github.com/icza/dyno v0.0.0-20180601094105-0c96289f9585 h1:kWQPgPrzV4M6ntaGzqU/tI9/OdntSFA9Y9ft/wlDpy0=
github.com/icza/dyno v0.0.0-20180601094105-0c96289f9585/go.mod h1:FOWDLyFiAsx5UmipjsBYguvps42mgph4nRPwuci95qM=
github.com/otiai10/copy v1.0.1 h1:gtBjD8aq4nychvRZ2CyJvFWAw0aja+VHazDdruZKGZA=
github.com/otiai10/copy v1.0.1/go.mod h1:8bMCJrAqOtN/d9oyh5HR7HhLQMvcGMpGdwRDYsfOCHc=
github.com/otiai10/curr v0.0.0-20150429015615-9b4961190c95/go.mod h1:9qAhocn7zKJG+0mI8eUu6xqkFDYS2kb2saOteoSB3cE=
github.com/otiai10/curr v1.0.0 h1:TJIWdbX0B+kpNagQrjgq8bCMrbhiuX73M2XwgtDMoOI=
github.com/otiai10/curr v1.0.0/go.mod h1:LskTG5wDwr8Rs+nNQ+1LlxRjAtTZZjtJW4rMXl6j4vs=
github.com/otiai10/mint v1.2.3 h1:PsrRBmrxR68kyNu6YlqYHbNlItc5vOkuS6LBEsNttVA=
github.com/otiai10/mint v1.2.3/go.mod h1:YnfyPNhBvnY8bW4SGQHCs/aAFhkgySlMZbrF5U0bOVw=
github.com/otiai10/mint v1.3.0 h1:Ady6MKVezQwHBkGzLFbrsywyp09Ah7rkmfjV3Bcr5uc=
github.com/otiai10/mint v1.3.0/go.mod h1:F5AjcsTsWUqX+Na9fpHb52P8pcRX2CI6A3ctIT91xUo=
github.com/pkg/errors v0.8.1 h1:iURUrRGxPUNPdy5/HRSm+Yj6okJ6UtLINN0Q9M4+h3I=
github.com/pkg/errors v0.8.1/go.mod h1:bwawxfHBFNV+L2hUp1rHADufV3IMtnDRdf1r5NINEl0=
github.com/pmezard/go-difflib v1.0.0 h1:4DBwDE0NGyQoBHbLQYPwSUPoCMWR5BEzIk/f1lZbAQM=
github.com/pmezard/go-difflib v1.0.0/go.mod h1:iKH77koFhYxTK1pcRnkKkqfTogsbg7gZNVY4sRDYZ/4=
gitlab.com/flimzy/ale v0.0.0-20190725131621-b59d7ca0da24 h1:yYOM+ydaGGN2G/iPaZSrI4hbS2YsMxfiAlsR9wjzt9M=
gitlab.com/flimzy/ale v0.0.0-20190725131621-b59d7ca0da24/go.mod h1:TJ6/ncB/sG+vQWV7XigJ5oe78WrMhjDrOLZSftH/bt8=
gitlab.com/flimzy/testy v0.0.0-20190903085227-3891107a9715 h1:Rq4gemPThNxgY+ZdofDlLoluRhSbSY42x/4e2JBplg0=
gitlab.com/flimzy/testy v0.0.0-20190903085227-3891107a9715/go.mod h1:MQwjgAyueIbBZv+qSYAMs6LaZwsJysPs0BK/niv9JiI=
golang.org/x/xerrors v0.0.0-20191204190536-9bdfabe68543 h1:E7g+9GITq07hpfrRu66IVDexMakfv52eLZ2CXBWiKr4=
golang.org/x/xerrors v0.0.0-20191204190536-9bdfabe68543/go.mod h1:I/5z698sn9Ka8TeJc9MKroUUfqBBauWjQqLJ2OPfmY0=
gopkg.in/check.v1 v0.0.0-20161208181325-20d25e280405 h1:yhCVgyC4o1eVCa2tZl7eS0r+SDo693bJlVdllGtEeKM=
gopkg.in/check.v1 v0.0.0-20161208181325-20d25e280405/go.mod h1:Co6ibVJAznAaIkqp8huTwlJQCZ016jof/cbN4VW5Yz0=
gopkg.in/yaml.v2 v2.2.2 h1:ZCJp+EgiOT7lHqUV2J862kp8Qj64Jo6az82+3Td9dZw=
gopkg.in/yaml.v2 v2.2.2/go.mod h1:hI93XBmqTisBFMUTm0b8Fm+jr3Dg1NNxqwp+5A1VGuI=
